// !$*UTF8*$!
{
	archiveVersion = 1;
	classes = {
	};
	objectVersion = 50;
	objects = {

/* Begin PBXBuildFile section */
		08CCBAF4253D292400D6EA97 /* AppDelegate.swift in Sources */ = {isa = PBXBuildFile; fileRef = 08CCBAF3253D292400D6EA97 /* AppDelegate.swift */; };
		08CCBAF6253D292400D6EA97 /* SceneDelegate.swift in Sources */ = {isa = PBXBuildFile; fileRef = 08CCBAF5253D292400D6EA97 /* SceneDelegate.swift */; };
		08CCBAF8253D292400D6EA97 /* ViewController.swift in Sources */ = {isa = PBXBuildFile; fileRef = 08CCBAF7253D292400D6EA97 /* ViewController.swift */; };
		08CCBAFB253D292400D6EA97 /* Main.storyboard in Resources */ = {isa = PBXBuildFile; fileRef = 08CCBAF9253D292400D6EA97 /* Main.storyboard */; };
		08CCBAFD253D292400D6EA97 /* Assets.xcassets in Resources */ = {isa = PBXBuildFile; fileRef = 08CCBAFC253D292400D6EA97 /* Assets.xcassets */; };
		08CCBB00253D292400D6EA97 /* LaunchScreen.storyboard in Resources */ = {isa = PBXBuildFile; fileRef = 08CCBAFE253D292400D6EA97 /* LaunchScreen.storyboard */; };
		08CCBB0B253D292500D6EA97 /* test1Tests.swift in Sources */ = {isa = PBXBuildFile; fileRef = 08CCBB0A253D292500D6EA97 /* test1Tests.swift */; };
		08CCBB16253D292500D6EA97 /* test1UITests.swift in Sources */ = {isa = PBXBuildFile; fileRef = 08CCBB15253D292500D6EA97 /* test1UITests.swift */; };
/* End PBXBuildFile section */

/* Begin PBXContainerItemProxy section */
		08CCBB07253D292500D6EA97 /* PBXContainerItemProxy */ = {
			isa = PBXContainerItemProxy;
			containerPortal = 08CCBAE8253D292400D6EA97 /* Project object */;
			proxyType = 1;
			remoteGlobalIDString = 08CCBAEF253D292400D6EA97;
			remoteInfo = test1;
		};
		08CCBB12253D292500D6EA97 /* PBXContainerItemProxy */ = {
			isa = PBXContainerItemProxy;
			containerPortal = 08CCBAE8253D292400D6EA97 /* Project object */;
			proxyType = 1;
			remoteGlobalIDString = 08CCBAEF253D292400D6EA97;
			remoteInfo = test1;
		};
/* End PBXContainerItemProxy section */

/* Begin PBXFileReference section */
		08CCBAF0253D292400D6EA97 /* test1.app */ = {isa = PBXFileReference; explicitFileType = wrapper.application; includeInIndex = 0; path = test1.app; sourceTree = BUILT_PRODUCTS_DIR; };
		08CCBAF3253D292400D6EA97 /* AppDelegate.swift */ = {isa = PBXFileReference; lastKnownFileType = sourcecode.swift; path = AppDelegate.swift; sourceTree = "<group>"; };
		08CCBAF5253D292400D6EA97 /* SceneDelegate.swift */ = {isa = PBXFileReference; lastKnownFileType = sourcecode.swift; path = SceneDelegate.swift; sourceTree = "<group>"; };
		08CCBAF7253D292400D6EA97 /* ViewController.swift */ = {isa = PBXFileReference; lastKnownFileType = sourcecode.swift; path = ViewController.swift; sourceTree = "<group>"; };
		08CCBAFA253D292400D6EA97 /* Base */ = {isa = PBXFileReference; lastKnownFileType = file.storyboard; name = Base; path = Base.lproj/Main.storyboard; sourceTree = "<group>"; };
		08CCBAFC253D292400D6EA97 /* Assets.xcassets */ = {isa = PBXFileReference; lastKnownFileType = folder.assetcatalog; path = Assets.xcassets; sourceTree = "<group>"; };
		08CCBAFF253D292400D6EA97 /* Base */ = {isa = PBXFileReference; lastKnownFileType = file.storyboard; name = Base; path = Base.lproj/LaunchScreen.storyboard; sourceTree = "<group>"; };
		08CCBB01253D292400D6EA97 /* Info.plist */ = {isa = PBXFileReference; lastKnownFileType = text.plist.xml; path = Info.plist; sourceTree = "<group>"; };
		08CCBB06253D292500D6EA97 /* test1Tests.xctest */ = {isa = PBXFileReference; explicitFileType = wrapper.cfbundle; includeInIndex = 0; path = test1Tests.xctest; sourceTree = BUILT_PRODUCTS_DIR; };
		08CCBB0A253D292500D6EA97 /* test1Tests.swift */ = {isa = PBXFileReference; lastKnownFileType = sourcecode.swift; path = test1Tests.swift; sourceTree = "<group>"; };
		08CCBB0C253D292500D6EA97 /* Info.plist */ = {isa = PBXFileReference; lastKnownFileType = text.plist.xml; path = Info.plist; sourceTree = "<group>"; };
		08CCBB11253D292500D6EA97 /* test1UITests.xctest */ = {isa = PBXFileReference; explicitFileType = wrapper.cfbundle; includeInIndex = 0; path = test1UITests.xctest; sourceTree = BUILT_PRODUCTS_DIR; };
		08CCBB15253D292500D6EA97 /* test1UITests.swift */ = {isa = PBXFileReference; lastKnownFileType = sourcecode.swift; path = test1UITests.swift; sourceTree = "<group>"; };
		08CCBB17253D292500D6EA97 /* Info.plist */ = {isa = PBXFileReference; lastKnownFileType = text.plist.xml; path = Info.plist; sourceTree = "<group>"; };
/* End PBXFileReference section */

/* Begin PBXFrameworksBuildPhase section */
		08CCBAED253D292400D6EA97 /* Frameworks */ = {
			isa = PBXFrameworksBuildPhase;
			buildActionMask = 2147483647;
			files = (
			);
			runOnlyForDeploymentPostprocessing = 0;
		};
		08CCBB03253D292500D6EA97 /* Frameworks */ = {
			isa = PBXFrameworksBuildPhase;
			buildActionMask = 2147483647;
			files = (
			);
			runOnlyForDeploymentPostprocessing = 0;
		};
		08CCBB0E253D292500D6EA97 /* Frameworks */ = {
			isa = PBXFrameworksBuildPhase;
			buildActionMask = 2147483647;
			files = (
			);
			runOnlyForDeploymentPostprocessing = 0;
		};
/* End PBXFrameworksBuildPhase section */

/* Begin PBXGroup section */
		08CCBAE7253D292400D6EA97 = {
			isa = PBXGroup;
			children = (
				08CCBAF2253D292400D6EA97 /* test1 */,
				08CCBB09253D292500D6EA97 /* test1Tests */,
				08CCBB14253D292500D6EA97 /* test1UITests */,
				08CCBAF1253D292400D6EA97 /* Products */,
			);
			sourceTree = "<group>";
		};
		08CCBAF1253D292400D6EA97 /* Products */ = {
			isa = PBXGroup;
			children = (
				08CCBAF0253D292400D6EA97 /* test1.app */,
				08CCBB06253D292500D6EA97 /* test1Tests.xctest */,
				08CCBB11253D292500D6EA97 /* test1UITests.xctest */,
			);
			name = Products;
			sourceTree = "<group>";
		};
		08CCBAF2253D292400D6EA97 /* test1 */ = {
			isa = PBXGroup;
			children = (
				08CCBAF3253D292400D6EA97 /* AppDelegate.swift */,
				08CCBAF5253D292400D6EA97 /* SceneDelegate.swift */,
				08CCBAF7253D292400D6EA97 /* ViewController.swift */,
				08CCBAF9253D292400D6EA97 /* Main.storyboard */,
				08CCBAFC253D292400D6EA97 /* Assets.xcassets */,
				08CCBAFE253D292400D6EA97 /* LaunchScreen.storyboard */,
				08CCBB01253D292400D6EA97 /* Info.plist */,
			);
			path = test1;
			sourceTree = "<group>";
		};
		08CCBB09253D292500D6EA97 /* test1Tests */ = {
			isa = PBXGroup;
			children = (
				08CCBB0A253D292500D6EA97 /* test1Tests.swift */,
				08CCBB0C253D292500D6EA97 /* Info.plist */,
			);
			path = test1Tests;
			sourceTree = "<group>";
		};
		08CCBB14253D292500D6EA97 /* test1UITests */ = {
			isa = PBXGroup;
			children = (
				08CCBB15253D292500D6EA97 /* test1UITests.swift */,
				08CCBB17253D292500D6EA97 /* Info.plist */,
			);
			path = test1UITests;
			sourceTree = "<group>";
		};
/* End PBXGroup section */

/* Begin PBXNativeTarget section */
		08CCBAEF253D292400D6EA97 /* test1 */ = {
			isa = PBXNativeTarget;
			buildConfigurationList = 08CCBB1A253D292500D6EA97 /* Build configuration list for PBXNativeTarget "test1" */;
			buildPhases = (
				08CCBAEC253D292400D6EA97 /* Sources */,
				08CCBAED253D292400D6EA97 /* Frameworks */,
				08CCBAEE253D292400D6EA97 /* Resources */,
			);
			buildRules = (
			);
			dependencies = (
			);
			name = test1;
			productName = test1;
			productReference = 08CCBAF0253D292400D6EA97 /* test1.app */;
			productType = "com.apple.product-type.application";
		};
		08CCBB05253D292500D6EA97 /* test1Tests */ = {
			isa = PBXNativeTarget;
			buildConfigurationList = 08CCBB1D253D292500D6EA97 /* Build configuration list for PBXNativeTarget "test1Tests" */;
			buildPhases = (
				08CCBB02253D292500D6EA97 /* Sources */,
				08CCBB03253D292500D6EA97 /* Frameworks */,
				08CCBB04253D292500D6EA97 /* Resources */,
			);
			buildRules = (
			);
			dependencies = (
				08CCBB08253D292500D6EA97 /* PBXTargetDependency */,
			);
			name = test1Tests;
			productName = test1Tests;
			productReference = 08CCBB06253D292500D6EA97 /* test1Tests.xctest */;
			productType = "com.apple.product-type.bundle.unit-test";
		};
		08CCBB10253D292500D6EA97 /* test1UITests */ = {
			isa = PBXNativeTarget;
			buildConfigurationList = 08CCBB20253D292500D6EA97 /* Build configuration list for PBXNativeTarget "test1UITests" */;
			buildPhases = (
				08CCBB0D253D292500D6EA97 /* Sources */,
				08CCBB0E253D292500D6EA97 /* Frameworks */,
				08CCBB0F253D292500D6EA97 /* Resources */,
			);
			buildRules = (
			);
			dependencies = (
				08CCBB13253D292500D6EA97 /* PBXTargetDependency */,
			);
			name = test1UITests;
			productName = test1UITests;
			productReference = 08CCBB11253D292500D6EA97 /* test1UITests.xctest */;
			productType = "com.apple.product-type.bundle.ui-testing";
		};
/* End PBXNativeTarget section */

/* Begin PBXProject section */
		08CCBAE8253D292400D6EA97 /* Project object */ = {
			isa = PBXProject;
			attributes = {
				LastSwiftUpdateCheck = 1200;
				LastUpgradeCheck = 1200;
				TargetAttributes = {
					08CCBAEF253D292400D6EA97 = {
						CreatedOnToolsVersion = 12.0.1;
					};
					08CCBB05253D292500D6EA97 = {
						CreatedOnToolsVersion = 12.0.1;
						TestTargetID = 08CCBAEF253D292400D6EA97;
					};
					08CCBB10253D292500D6EA97 = {
						CreatedOnToolsVersion = 12.0.1;
						TestTargetID = 08CCBAEF253D292400D6EA97;
					};
				};
			};
			buildConfigurationList = 08CCBAEB253D292400D6EA97 /* Build configuration list for PBXProject "test1" */;
			compatibilityVersion = "Xcode 9.3";
			developmentRegion = en;
			hasScannedForEncodings = 0;
			knownRegions = (
				en,
				Base,
			);
			mainGroup = 08CCBAE7253D292400D6EA97;
			productRefGroup = 08CCBAF1253D292400D6EA97 /* Products */;
			projectDirPath = "";
			projectRoot = "";
			targets = (
				08CCBAEF253D292400D6EA97 /* test1 */,
				08CCBB05253D292500D6EA97 /* test1Tests */,
				08CCBB10253D292500D6EA97 /* test1UITests */,
			);
		};
/* End PBXProject section */

/* Begin PBXResourcesBuildPhase section */
		08CCBAEE253D292400D6EA97 /* Resources */ = {
			isa = PBXResourcesBuildPhase;
			buildActionMask = 2147483647;
			files = (
				08CCBB00253D292400D6EA97 /* LaunchScreen.storyboard in Resources */,
				08CCBAFD253D292400D6EA97 /* Assets.xcassets in Resources */,
				08CCBAFB253D292400D6EA97 /* Main.storyboard in Resources */,
			);
			runOnlyForDeploymentPostprocessing = 0;
		};
		08CCBB04253D292500D6EA97 /* Resources */ = {
			isa = PBXResourcesBuildPhase;
			buildActionMask = 2147483647;
			files = (
			);
			runOnlyForDeploymentPostprocessing = 0;
		};
		08CCBB0F253D292500D6EA97 /* Resources */ = {
			isa = PBXResourcesBuildPhase;
			buildActionMask = 2147483647;
			files = (
			);
			runOnlyForDeploymentPostprocessing = 0;
		};
/* End PBXResourcesBuildPhase section */

/* Begin PBXSourcesBuildPhase section */
		08CCBAEC253D292400D6EA97 /* Sources */ = {
			isa = PBXSourcesBuildPhase;
			buildActionMask = 2147483647;
			files = (
				08CCBAF8253D292400D6EA97 /* ViewController.swift in Sources */,
				08CCBAF4253D292400D6EA97 /* AppDelegate.swift in Sources */,
				08CCBAF6253D292400D6EA97 /* SceneDelegate.swift in Sources */,
			);
			runOnlyForDeploymentPostprocessing = 0;
		};
		08CCBB02253D292500D6EA97 /* Sources */ = {
			isa = PBXSourcesBuildPhase;
			buildActionMask = 2147483647;
			files = (
				08CCBB0B253D292500D6EA97 /* test1Tests.swift in Sources */,
			);
			runOnlyForDeploymentPostprocessing = 0;
		};
		08CCBB0D253D292500D6EA97 /* Sources */ = {
			isa = PBXSourcesBuildPhase;
			buildActionMask = 2147483647;
			files = (
				08CCBB16253D292500D6EA97 /* test1UITests.swift in Sources */,
			);
			runOnlyForDeploymentPostprocessing = 0;
		};
/* End PBXSourcesBuildPhase section */

/* Begin PBXTargetDependency section */
		08CCBB08253D292500D6EA97 /* PBXTargetDependency */ = {
			isa = PBXTargetDependency;
			target = 08CCBAEF253D292400D6EA97 /* test1 */;
			targetProxy = 08CCBB07253D292500D6EA97 /* PBXContainerItemProxy */;
		};
		08CCBB13253D292500D6EA97 /* PBXTargetDependency */ = {
			isa = PBXTargetDependency;
			target = 08CCBAEF253D292400D6EA97 /* test1 */;
			targetProxy = 08CCBB12253D292500D6EA97 /* PBXContainerItemProxy */;
		};
/* End PBXTargetDependency section */

/* Begin PBXVariantGroup section */
		08CCBAF9253D292400D6EA97 /* Main.storyboard */ = {
			isa = PBXVariantGroup;
			children = (
				08CCBAFA253D292400D6EA97 /* Base */,
			);
			name = Main.storyboard;
			sourceTree = "<group>";
		};
		08CCBAFE253D292400D6EA97 /* LaunchScreen.storyboard */ = {
			isa = PBXVariantGroup;
			children = (
				08CCBAFF253D292400D6EA97 /* Base */,
			);
			name = LaunchScreen.storyboard;
			sourceTree = "<group>";
		};
/* End PBXVariantGroup section */

/* Begin XCBuildConfiguration section */
		08CCBB18253D292500D6EA97 /* Debug */ = {
			isa = XCBuildConfiguration;
			buildSettings = {
				ALWAYS_SEARCH_USER_PATHS = NO;
				CLANG_ANALYZER_NONNULL = YES;
				CLANG_ANALYZER_NUMBER_OBJECT_CONVERSION = YES_AGGRESSIVE;
				CLANG_CXX_LANGUAGE_STANDARD = "gnu++14";
				CLANG_CXX_LIBRARY = "libc++";
				CLANG_ENABLE_MODULES = YES;
				CLANG_ENABLE_OBJC_ARC = YES;
				CLANG_ENABLE_OBJC_WEAK = YES;
				CLANG_WARN_BLOCK_CAPTURE_AUTORELEASING = YES;
				CLANG_WARN_BOOL_CONVERSION = YES;
				CLANG_WARN_COMMA = YES;
				CLANG_WARN_CONSTANT_CONVERSION = YES;
				CLANG_WARN_DEPRECATED_OBJC_IMPLEMENTATIONS = YES;
				CLANG_WARN_DIRECT_OBJC_ISA_USAGE = YES_ERROR;
				CLANG_WARN_DOCUMENTATION_COMMENTS = YES;
				CLANG_WARN_EMPTY_BODY = YES;
				CLANG_WARN_ENUM_CONVERSION = YES;
				CLANG_WARN_INFINITE_RECURSION = YES;
				CLANG_WARN_INT_CONVERSION = YES;
				CLANG_WARN_NON_LITERAL_NULL_CONVERSION = YES;
				CLANG_WARN_OBJC_IMPLICIT_RETAIN_SELF = YES;
				CLANG_WARN_OBJC_LITERAL_CONVERSION = YES;
				CLANG_WARN_OBJC_ROOT_CLASS = YES_ERROR;
				CLANG_WARN_QUOTED_INCLUDE_IN_FRAMEWORK_HEADER = YES;
				CLANG_WARN_RANGE_LOOP_ANALYSIS = YES;
				CLANG_WARN_STRICT_PROTOTYPES = YES;
				CLANG_WARN_SUSPICIOUS_MOVE = YES;
				CLANG_WARN_UNGUARDED_AVAILABILITY = YES_AGGRESSIVE;
				CLANG_WARN_UNREACHABLE_CODE = YES;
				CLANG_WARN__DUPLICATE_METHOD_MATCH = YES;
				COPY_PHASE_STRIP = NO;
				DEBUG_INFORMATION_FORMAT = dwarf;
				ENABLE_STRICT_OBJC_MSGSEND = YES;
				ENABLE_TESTABILITY = YES;
				GCC_C_LANGUAGE_STANDARD = gnu11;
				GCC_DYNAMIC_NO_PIC = NO;
				GCC_NO_COMMON_BLOCKS = YES;
				GCC_OPTIMIZATION_LEVEL = 0;
				GCC_PREPROCESSOR_DEFINITIONS = (
					"DEBUG=1",
					"$(inherited)",
				);
				GCC_WARN_64_TO_32_BIT_CONVERSION = YES;
				GCC_WARN_ABOUT_RETURN_TYPE = YES_ERROR;
				GCC_WARN_UNDECLARED_SELECTOR = YES;
				GCC_WARN_UNINITIALIZED_AUTOS = YES_AGGRESSIVE;
				GCC_WARN_UNUSED_FUNCTION = YES;
				GCC_WARN_UNUSED_VARIABLE = YES;
				IPHONEOS_DEPLOYMENT_TARGET = 14.0;
				MTL_ENABLE_DEBUG_INFO = INCLUDE_SOURCE;
				MTL_FAST_MATH = YES;
				ONLY_ACTIVE_ARCH = YES;
				SDKROOT = iphoneos;
				SWIFT_ACTIVE_COMPILATION_CONDITIONS = DEBUG;
				SWIFT_OPTIMIZATION_LEVEL = "-Onone";
			};
			name = Debug;
		};
		08CCBB19253D292500D6EA97 /* Release */ = {
			isa = XCBuildConfiguration;
			buildSettings = {
				ALWAYS_SEARCH_USER_PATHS = NO;
				CLANG_ANALYZER_NONNULL = YES;
				CLANG_ANALYZER_NUMBER_OBJECT_CONVERSION = YES_AGGRESSIVE;
				CLANG_CXX_LANGUAGE_STANDARD = "gnu++14";
				CLANG_CXX_LIBRARY = "libc++";
				CLANG_ENABLE_MODULES = YES;
				CLANG_ENABLE_OBJC_ARC = YES;
				CLANG_ENABLE_OBJC_WEAK = YES;
				CLANG_WARN_BLOCK_CAPTURE_AUTORELEASING = YES;
				CLANG_WARN_BOOL_CONVERSION = YES;
				CLANG_WARN_COMMA = YES;
				CLANG_WARN_CONSTANT_CONVERSION = YES;
				CLANG_WARN_DEPRECATED_OBJC_IMPLEMENTATIONS = YES;
				CLANG_WARN_DIRECT_OBJC_ISA_USAGE = YES_ERROR;
				CLANG_WARN_DOCUMENTATION_COMMENTS = YES;
				CLANG_WARN_EMPTY_BODY = YES;
				CLANG_WARN_ENUM_CONVERSION = YES;
				CLANG_WARN_INFINITE_RECURSION = YES;
				CLANG_WARN_INT_CONVERSION = YES;
				CLANG_WARN_NON_LITERAL_NULL_CONVERSION = YES;
				CLANG_WARN_OBJC_IMPLICIT_RETAIN_SELF = YES;
				CLANG_WARN_OBJC_LITERAL_CONVERSION = YES;
				CLANG_WARN_OBJC_ROOT_CLASS = YES_ERROR;
				CLANG_WARN_QUOTED_INCLUDE_IN_FRAMEWORK_HEADER = YES;
				CLANG_WARN_RANGE_LOOP_ANALYSIS = YES;
				CLANG_WARN_STRICT_PROTOTYPES = YES;
				CLANG_WARN_SUSPICIOUS_MOVE = YES;
				CLANG_WARN_UNGUARDED_AVAILABILITY = YES_AGGRESSIVE;
				CLANG_WARN_UNREACHABLE_CODE = YES;
				CLANG_WARN__DUPLICATE_METHOD_MATCH = YES;
				COPY_PHASE_STRIP = NO;
				DEBUG_INFORMATION_FORMAT = "dwarf-with-dsym";
				ENABLE_NS_ASSERTIONS = NO;
				ENABLE_STRICT_OBJC_MSGSEND = YES;
				GCC_C_LANGUAGE_STANDARD = gnu11;
				GCC_NO_COMMON_BLOCKS = YES;
				GCC_WARN_64_TO_32_BIT_CONVERSION = YES;
				GCC_WARN_ABOUT_RETURN_TYPE = YES_ERROR;
				GCC_WARN_UNDECLARED_SELECTOR = YES;
				GCC_WARN_UNINITIALIZED_AUTOS = YES_AGGRESSIVE;
				GCC_WARN_UNUSED_FUNCTION = YES;
				GCC_WARN_UNUSED_VARIABLE = YES;
				IPHONEOS_DEPLOYMENT_TARGET = 14.0;
				MTL_ENABLE_DEBUG_INFO = NO;
				MTL_FAST_MATH = YES;
				SDKROOT = iphoneos;
				SWIFT_COMPILATION_MODE = wholemodule;
				SWIFT_OPTIMIZATION_LEVEL = "-O";
				VALIDATE_PRODUCT = YES;
			};
			name = Release;
		};
		08CCBB1B253D292500D6EA97 /* Debug */ = {
			isa = XCBuildConfiguration;
			buildSettings = {
				ASSETCATALOG_COMPILER_APPICON_NAME = AppIcon;
				ASSETCATALOG_COMPILER_GLOBAL_ACCENT_COLOR_NAME = AccentColor;
				CODE_SIGN_STYLE = Automatic;
				DEVELOPMENT_TEAM = 9QXHL748ZV;
				INFOPLIST_FILE = test1/Info.plist;
				LD_RUNPATH_SEARCH_PATHS = (
					"$(inherited)",
					"@executable_path/Frameworks",
				);
				PRODUCT_BUNDLE_IDENTIFIER = obj1.test1;
				PRODUCT_NAME = "$(TARGET_NAME)";
				SWIFT_VERSION = 5.0;
				TARGETED_DEVICE_FAMILY = "1,2";
			};
			name = Debug;
		};
		08CCBB1C253D292500D6EA97 /* Release */ = {
			isa = XCBuildConfiguration;
			buildSettings = {
				ASSETCATALOG_COMPILER_APPICON_NAME = AppIcon;
				ASSETCATALOG_COMPILER_GLOBAL_ACCENT_COLOR_NAME = AccentColor;
				CODE_SIGN_STYLE = Automatic;
				DEVELOPMENT_TEAM = 9QXHL748ZV;
				INFOPLIST_FILE = test1/Info.plist;
				LD_RUNPATH_SEARCH_PATHS = (
					"$(inherited)",
					"@executable_path/Frameworks",
				);
				PRODUCT_BUNDLE_IDENTIFIER = obj1.test1;
				PRODUCT_NAME = "$(TARGET_NAME)";
				SWIFT_VERSION = 5.0;
				TARGETED_DEVICE_FAMILY = "1,2";
			};
			name = Release;
		};
		08CCBB1E253D292500D6EA97 /* Debug */ = {
			isa = XCBuildConfiguration;
			buildSettings = {
				ALWAYS_EMBED_SWIFT_STANDARD_LIBRARIES = YES;
				BUNDLE_LOADER = "$(TEST_HOST)";
				CODE_SIGN_STYLE = Automatic;
				DEVELOPMENT_TEAM = 9QXHL748ZV;
				INFOPLIST_FILE = test1Tests/Info.plist;
				IPHONEOS_DEPLOYMENT_TARGET = 14.0;
				LD_RUNPATH_SEARCH_PATHS = (
					"$(inherited)",
					"@executable_path/Frameworks",
					"@loader_path/Frameworks",
				);
				PRODUCT_BUNDLE_IDENTIFIER = obj1.test1Tests;
				PRODUCT_NAME = "$(TARGET_NAME)";
				SWIFT_VERSION = 5.0;
				TARGETED_DEVICE_FAMILY = "1,2";
				TEST_HOST = "$(BUILT_PRODUCTS_DIR)/test1.app/test1";
			};
			name = Debug;
		};
		08CCBB1F253D292500D6EA97 /* Release */ = {
			isa = XCBuildConfiguration;
			buildSettings = {
				ALWAYS_EMBED_SWIFT_STANDARD_LIBRARIES = YES;
				BUNDLE_LOADER = "$(TEST_HOST)";
				CODE_SIGN_STYLE = Automatic;
				DEVELOPMENT_TEAM = 9QXHL748ZV;
				INFOPLIST_FILE = test1Tests/Info.plist;
				IPHONEOS_DEPLOYMENT_TARGET = 14.0;
				LD_RUNPATH_SEARCH_PATHS = (
					"$(inherited)",
					"@executable_path/Frameworks",
					"@loader_path/Frameworks",
				);
				PRODUCT_BUNDLE_IDENTIFIER = obj1.test1Tests;
				PRODUCT_NAME = "$(TARGET_NAME)";
				SWIFT_VERSION = 5.0;
				TARGETED_DEVICE_FAMILY = "1,2";
				TEST_HOST = "$(BUILT_PRODUCTS_DIR)/test1.app/test1";
			};
			name = Release;
		};
		08CCBB21253D292500D6EA97 /* Debug */ = {
			isa = XCBuildConfiguration;
			buildSettings = {
				ALWAYS_EMBED_SWIFT_STANDARD_LIBRARIES = YES;
				CODE_SIGN_STYLE = Automatic;
				DEVELOPMENT_TEAM = 9QXHL748ZV;
				INFOPLIST_FILE = test1UITests/Info.plist;
				LD_RUNPATH_SEARCH_PATHS = (
					"$(inherited)",
					"@executable_path/Frameworks",
					"@loader_path/Frameworks",
				);
				PRODUCT_BUNDLE_IDENTIFIER = obj1.test1UITests;
				PRODUCT_NAME = "$(TARGET_NAME)";
				SWIFT_VERSION = 5.0;
				TARGETED_DEVICE_FAMILY = "1,2";
				TEST_TARGET_NAME = test1;
			};
			name = Debug;
		};
		08CCBB22253D292500D6EA97 /* Release */ = {
			isa = XCBuildConfiguration;
			buildSettings = {
				ALWAYS_EMBED_SWIFT_STANDARD_LIBRARIES = YES;
				CODE_SIGN_STYLE = Automatic;
				DEVELOPMENT_TEAM = 9QXHL748ZV;
				INFOPLIST_FILE = test1UITests/Info.plist;
				LD_RUNPATH_SEARCH_PATHS = (
					"$(inherited)",
					"@executable_path/Frameworks",
					"@loader_path/Frameworks",
				);
				PRODUCT_BUNDLE_IDENTIFIER = obj1.test1UITests;
				PRODUCT_NAME = "$(TARGET_NAME)";
				SWIFT_VERSION = 5.0;
				TARGETED_DEVICE_FAMILY = "1,2";
				TEST_TARGET_NAME = test1;
			};
			name = Release;
		};
/* End XCBuildConfiguration section */

/* Begin XCConfigurationList section */
		08CCBAEB253D292400D6EA97 /* Build configuration list for PBXProject "test1" */ = {
			isa = XCConfigurationList;
			buildConfigurations = (
				08CCBB18253D292500D6EA97 /* Debug */,
				08CCBB19253D292500D6EA97 /* Release */,
			);
			defaultConfigurationIsVisible = 0;
			defaultConfigurationName = Release;
		};
		08CCBB1A253D292500D6EA97 /* Build configuration list for PBXNativeTarget "test1" */ = {
			isa = XCConfigurationList;
			buildConfigurations = (
				08CCBB1B253D292500D6EA97 /* Debug */,
				08CCBB1C253D292500D6EA97 /* Release */,
			);
			defaultConfigurationIsVisible = 0;
			defaultConfigurationName = Release;
		};
		08CCBB1D253D292500D6EA97 /* Build configuration list for PBXNativeTarget "test1Tests" */ = {
			isa = XCConfigurationList;
			buildConfigurations = (
				08CCBB1E253D292500D6EA97 /* Debug */,
				08CCBB1F253D292500D6EA97 /* Release */,
			);
			defaultConfigurationIsVisible = 0;
			defaultConfigurationName = Release;
		};
		08CCBB20253D292500D6EA97 /* Build configuration list for PBXNativeTarget "test1UITests" */ = {
			isa = XCConfigurationList;
			buildConfigurations = (
				08CCBB21253D292500D6EA97 /* Debug */,
				08CCBB22253D292500D6EA97 /* Release */,
			);
			defaultConfigurationIsVisible = 0;
			defaultConfigurationName = Release;
		};
/* End XCConfigurationList section */
	};
	rootObject = 08CCBAE8253D292400D6EA97 /* Project object */;
}
